
Microsoft Visual Studio Solution File, Format Version 12.00
# Visual Studio Version 17
VisualStudioVersion = 17.7.34024.191
MinimumVisualStudioVersion = 10.0.40219.1
Project("{FAE04EC0-301F-11D3-BF4B-00C04F79EFBC}") = "HW-9", "HW-9\HW-9.csproj", "{AEF07BD8-7D98-41F2-BE0F-B5167C8A7E24}"
EndProject
Global
	GlobalSection(SolutionConfigurationPlatforms) = preSolution
		Debug|Any CPU = Debug|Any CPU
		Release|Any CPU = Release|Any CPU
	EndGlobalSection
	GlobalSection(ProjectConfigurationPlatforms) = postSolution
		{AEF07BD8-7D98-41F2-BE0F-B5167C8A7E24}.Debug|Any CPU.ActiveCfg = Debug|Any CPU
		{AEF07BD8-7D98-41F2-BE0F-B5167C8A7E24}.Debug|Any CPU.Build.0 = Debug|Any CPU
		{AEF07BD8-7D98-41F2-BE0F-B5167C8A7E24}.Release|Any CPU.ActiveCfg = Release|Any CPU
		{AEF07BD8-7D98-41F2-BE0F-B5167C8A7E24}.Release|Any CPU.Build.0 = Release|Any CPU
	EndGlobalSection
	GlobalSection(SolutionProperties) = preSolution
		HideSolutionNode = FALSE
	EndGlobalSection
	GlobalSection(ExtensibilityGlobals) = postSolution
		SolutionGuid = {5105E038-2DE8-494A-A458-229E378999BD}
	EndGlobalSection
EndGlobal
